github.com/cockroachdb/examples-orms v0.0.0-20180904145438-d7beafa9fb30 h1:x3nKiFfeSHunUIs3TtC0EH93GPL1lWQ8arovBEe+jGk=
github.com/cockroachdb/examples-orms v0.0.0-20180904145438-d7beafa9fb30/go.mod h1:Kb8/fzxF7Z4WOcS197G1bZFHKrOnWHdd5HmzaL0hA+A=
github.com/davecgh/go-spew v1.1.1/go.mod h1:J7Y8YcW2NihsgmVo/mv3lAwl/skON4iLHjSsI+c5H38=
github.com/go-sql-driver/mysql v1.4.0 h1:7LxgVwFb2hIQtMm87NdgAVfXjnt4OePseqT1tKx+opk=
github.com/go-sql-driver/mysql v1.4.0/go.mod h1:zAC/RDZ24gD3HViQzih4MyKcchzm+sOG5ZlKdlhCg5w=
github.com/go-xorm/builder v0.0.0-20180322150003-a9b7ffcca3f0 h1:6cLhxUWQkTTOJ8VR6QzF9aaSP6Qm8fl7EKO1+KPz3dY=
github.com/go-xorm/builder v0.0.0-20180322150003-a9b7ffcca3f0/go.mod h1:v8mE3MFBgtL+RGFNfUnAMUqqfk/Y4W5KuwCFQIEpQLk=
github.com/go-xorm/core v0.0.0-20180322150003-0177c08cee88 h1:dwbJsqH+djJXC7/zdsfVruGbl8qiuH2BgctYYeyui60=
github.com/go-xorm/core v0.0.0-20180322150003-0177c08cee88/go.mod h1:d8FJ9Br8OGyQl12MCclmYBuBqqxsyeedpXciV5Myih8=
github.com/go-xorm/xorm v0.7.0 h1:u3X44NiN3ggNeeJO3f1xmHIFGAqh3qmCWS3ROuIBWmU=
github.com/go-xorm/xorm v0.7.0/go.mod h1:xkHEPeHG0ckC95t/J9vR4tr4gE4944G/kGnDCGLAxlA=
github.com/gorilla/mux v1.6.2 h1:Pgr17XVTNXAk3q/r4CpKzC5xBM/qW1uVLV+IhRZpIIk=
github.com/gorilla/mux v1.6.2/go.mod h1:1lud6UwP+6orDFRuTfBEV8e9/aOM/c4fVVCaMa2zaAs=
github.com/hashicorp/hcl v1.0.0 h1:0Anlzjpi4vEasTeNFn2mLJgTSwt0+6sfsiTG8qcWGx4=
github.com/hashicorp/hcl v1.0.0/go.mod h1:E5yfLk+7swimpb2L/Alb/PJmXilQ/rhwaUYs4T20WEQ=
github.com/jinzhu/gorm v1.9.1 h1:lDSDtsCt5AGGSKTs8AHlSDbbgif4G4+CKJ8ETBDVHTA=
github.com/jinzhu/gorm v1.9.1/go.mod h1:Vla75njaFJ8clLU1W44h34PjIkijhjHIYnZxMqCdxqo=
github.com/jinzhu/inflection v0.0.0-20180308033659-04140366298a h1:eeaG9XMUvRBYXJi4pg1ZKM7nxc5AfXfojeLLW7O5J3k=
github.com/jinzhu/inflection v0.0.0-20180308033659-04140366298a/go.mod h1:h+uFLlag+Qp1Va5pdKtLDYj+kHp5pxUVkryuEj+Srlc=
github.com/julienschmidt/httprouter v0.0.0-20180715161854-348b672cd90d h1:of6+TpypLAaiv4JxgH5aplBZnt0b65B4v4c8q5oy+Sk=
github.com/julienschmidt/httprouter v0.0.0-20180715161854-348b672cd90d/go.mod h1:SYymIcj16QtmaHHD7aYtjjsJG7VTCxuUUipMqKk8s4w=
github.com/lib/pq v1.0.0 h1:X5PMW56eZitiTeO7tKzZxFCSpbFZJtkMMooicw2us9A=
github.com/lib/pq v1.0.0/go.mod h1:5WUZQaWbwv1U+lTReE5YruASi9Al49XbQIvNi/34Woo=
